
Microsoft Visual Studio Solution File, Format Version 12.00
# Visual Studio Version 17
VisualStudioVersion = 17.9.34622.214
MinimumVisualStudioVersion = 10.0.40219.1
Project("{8BC9CEB8-8B4A-11D0-8D11-00A0C91BC942}") = "Lesson 6bis tangent space normal mapping", "Lesson 6bis tangent space normal mapping.vcxproj", "{A0ED9CDA-09F4-475A-8D0B-D9631943BD89}"
EndProject
Global
	GlobalSection(SolutionConfigurationPlatforms) = preSolution
		Debug|x64 = Debug|x64
		Debug|x86 = Debug|x86
		Release|x64 = Release|x64
		Release|x86 = Release|x86
	EndGlobalSection
	GlobalSection(ProjectConfigurationPlatforms) = postSolution
		{A0ED9CDA-09F4-475A-8D0B-D9631943BD89}.Debug|x64.ActiveCfg = Debug|x64
		{A0ED9CDA-09F4-475A-8D0B-D9631943BD89}.Debug|x64.Build.0 = Debug|x64
		{A0ED9CDA-09F4-475A-8D0B-D9631943BD89}.Debug|x86.ActiveCfg = Debug|Win32
		{A0ED9CDA-09F4-475A-8D0B-D9631943BD89}.Debug|x86.Build.0 = Debug|Win32
		{A0ED9CDA-09F4-475A-8D0B-D9631943BD89}.Release|x64.ActiveCfg = Release|x64
		{A0ED9CDA-09F4-475A-8D0B-D9631943BD89}.Release|x64.Build.0 = Release|x64
		{A0ED9CDA-09F4-475A-8D0B-D9631943BD89}.Release|x86.ActiveCfg = Release|Win32
		{A0ED9CDA-09F4-475A-8D0B-D9631943BD89}.Release|x86.Build.0 = Release|Win32
	EndGlobalSection
	GlobalSection(SolutionProperties) = preSolution
		HideSolutionNode = FALSE
	EndGlobalSection
	GlobalSection(ExtensibilityGlobals) = postSolution
		SolutionGuid = {EACCE2EA-6B01-4F4D-8EAA-5CF3EF62324B}
	EndGlobalSection
EndGlobal
