
Microsoft Visual Studio Solution File, Format Version 12.00
# Visual Studio Version 17
VisualStudioVersion = 17.9.34622.214
MinimumVisualStudioVersion = 10.0.40219.1
Project("{8BC9CEB8-8B4A-11D0-8D11-00A0C91BC942}") = "Lesson 1 Bresenham’s Line Drawing Algorithm", "Lesson 1 Bresenham’s Line Drawing Algorithm.vcxproj", "{3BB8C49A-73CA-48E0-9CE3-C24FF8F22EE7}"
EndProject
Global
	GlobalSection(SolutionConfigurationPlatforms) = preSolution
		Debug|x64 = Debug|x64
		Debug|x86 = Debug|x86
		Release|x64 = Release|x64
		Release|x86 = Release|x86
	EndGlobalSection
	GlobalSection(ProjectConfigurationPlatforms) = postSolution
		{3BB8C49A-73CA-48E0-9CE3-C24FF8F22EE7}.Debug|x64.ActiveCfg = Debug|x64
		{3BB8C49A-73CA-48E0-9CE3-C24FF8F22EE7}.Debug|x64.Build.0 = Debug|x64
		{3BB8C49A-73CA-48E0-9CE3-C24FF8F22EE7}.Debug|x86.ActiveCfg = Debug|Win32
		{3BB8C49A-73CA-48E0-9CE3-C24FF8F22EE7}.Debug|x86.Build.0 = Debug|Win32
		{3BB8C49A-73CA-48E0-9CE3-C24FF8F22EE7}.Release|x64.ActiveCfg = Release|x64
		{3BB8C49A-73CA-48E0-9CE3-C24FF8F22EE7}.Release|x64.Build.0 = Release|x64
		{3BB8C49A-73CA-48E0-9CE3-C24FF8F22EE7}.Release|x86.ActiveCfg = Release|Win32
		{3BB8C49A-73CA-48E0-9CE3-C24FF8F22EE7}.Release|x86.Build.0 = Release|Win32
	EndGlobalSection
	GlobalSection(SolutionProperties) = preSolution
		HideSolutionNode = FALSE
	EndGlobalSection
	GlobalSection(ExtensibilityGlobals) = postSolution
		SolutionGuid = {DE264C6C-671C-4072-8B82-649B0E5D5245}
	EndGlobalSection
EndGlobal
